{
  "version": 4,
  "terraform_version": "0.13.5",
  "serial": 6,
  "lineage": "73066edb-8dc1-3e89-0e22-0d30ef7f2927",
  "outputs": {
    "id": {
      "value": "/subscriptions/82131fe1-3837-4fef-a41f-89a636063034/resourceGroups/Tableau-rg/providers/Microsoft.KeyVault/vaults/prod-kv-exc",
      "type": "string"
    },
    "vm-admin_password": {
      "value": [
        "P@ssw0rd@123456",
        "P@ssw0rd@123456"
      ],
      "type": [
        "tuple",
        [
          "string",
          "string"
        ]
      ]
    },
    "vm-admin_username": {
      "value": [
        "testuser",
        "testuser"
      ],
      "type": [
        "tuple",
        [
          "string",
          "string"
        ]
      ]
    },
    "vm-id": {
      "value": [
        "/subscriptions/82131fe1-3837-4fef-a41f-89a636063034/resourceGroups/Tableau-rg/providers/Microsoft.Compute/virtualMachines/Prod-vm-1",
        "/subscriptions/82131fe1-3837-4fef-a41f-89a636063034/resourceGroups/Tableau-rg/providers/Microsoft.Compute/virtualMachines/Prod-vm-2"
      ],
      "type": [
        "tuple",
        [
          "string",
          "string"
        ]
      ]
    },
    "vm-identity-id": {
      "value": [
        "b95943a0-fd96-4e13-ac77-fe2ea7f210e1",
        "ac61c85b-8a04-4f4d-9686-1af6b5b16701"
      ],
      "type": [
        "tuple",
        [
          "string",
          "string"
        ]
      ]
    }
  },
  "resources": [
    {
      "module": "module.keyvalut",
      "mode": "managed",
      "type": "azurerm_key_vault",
      "name": "kv",
      "provider": "provider[\"registry.terraform.io/hashicorp/azurerm\"]",
      "instances": [
        {
          "schema_version": 1,
          "attributes": {
            "access_policy": [
              {
                "application_id": "",
                "certificate_permissions": null,
                "key_permissions": [
                  "get",
                  "list"
                ],
                "object_id": "c1e6a48a-3ca5-4ed4-9bf9-e0e9f93adf38",
                "secret_permissions": [
                  "get",
                  "list"
                ],
                "storage_permissions": null,
                "tenant_id": "24917450-fe15-4414-92ed-94fa8ec1b938"
              }
            ],
            "contact": [],
            "enable_rbac_authorization": false,
            "enabled_for_deployment": false,
            "enabled_for_disk_encryption": true,
            "enabled_for_template_deployment": false,
            "id": "/subscriptions/82131fe1-3837-4fef-a41f-89a636063034/resourceGroups/Tableau-rg/providers/Microsoft.KeyVault/vaults/prod-kv-exc",
            "location": "centralindia",
            "name": "prod-kv-exc",
            "network_acls": [
              {
                "bypass": "AzureServices",
                "default_action": "Allow",
                "ip_rules": [],
                "virtual_network_subnet_ids": []
              }
            ],
            "purge_protection_enabled": false,
            "resource_group_name": "Tableau-rg",
            "sku_name": "standard",
            "soft_delete_enabled": false,
            "soft_delete_retention_days": 0,
            "tags": null,
            "tenant_id": "24917450-fe15-4414-92ed-94fa8ec1b938",
            "timeouts": null,
            "vault_uri": "https://prod-kv-exc.vault.azure.net/"
          },
          "private": "eyJlMmJmYjczMC1lY2FhLTExZTYtOGY4OC0zNDM2M2JjN2M0YzAiOnsiY3JlYXRlIjoxODAwMDAwMDAwMDAwLCJkZWxldGUiOjE4MDAwMDAwMDAwMDAsInJlYWQiOjMwMDAwMDAwMDAwMCwidXBkYXRlIjoxODAwMDAwMDAwMDAwfSwic2NoZW1hX3ZlcnNpb24iOiIxIn0="
        }
      ]
    },
    {
      "module": "module.windowsvms",
      "mode": "managed",
      "type": "azurerm_network_interface",
      "name": "ni",
      "provider": "provider[\"registry.terraform.io/hashicorp/azurerm\"]",
      "instances": [
        {
          "index_key": 0,
          "schema_version": 0,
          "attributes": {
            "applied_dns_servers": [],
            "dns_servers": [],
            "enable_accelerated_networking": false,
            "enable_ip_forwarding": false,
            "id": "/subscriptions/82131fe1-3837-4fef-a41f-89a636063034/resourceGroups/Tableau-rg/providers/Microsoft.Network/networkInterfaces/Prod-vm-1",
            "internal_dns_name_label": "",
            "internal_domain_name_suffix": "tb3up0dgvjse1fixt3b1amkz5e.rx.internal.cloudapp.net",
            "ip_configuration": [
              {
                "name": "Prod-vm",
                "primary": true,
                "private_ip_address": "10.0.0.5",
                "private_ip_address_allocation": "Dynamic",
                "private_ip_address_version": "IPv4",
                "public_ip_address_id": "",
                "subnet_id": "/subscriptions/82131fe1-3837-4fef-a41f-89a636063034/resourceGroups/Tableau-rg/providers/Microsoft.Network/virtualNetworks/tfvnet/subnets/default"
              }
            ],
            "location": "centralindia",
            "mac_address": "",
            "name": "Prod-vm-1",
            "private_ip_address": "10.0.0.5",
            "private_ip_addresses": [
              "10.0.0.5"
            ],
            "resource_group_name": "Tableau-rg",
            "tags": null,
            "timeouts": null,
            "virtual_machine_id": ""
          },
          "private": "eyJlMmJmYjczMC1lY2FhLTExZTYtOGY4OC0zNDM2M2JjN2M0YzAiOnsiY3JlYXRlIjoxODAwMDAwMDAwMDAwLCJkZWxldGUiOjE4MDAwMDAwMDAwMDAsInJlYWQiOjMwMDAwMDAwMDAwMCwidXBkYXRlIjoxODAwMDAwMDAwMDAwfX0="
        },
        {
          "index_key": 1,
          "schema_version": 0,
          "attributes": {
            "applied_dns_servers": [],
            "dns_servers": [],
            "enable_accelerated_networking": false,
            "enable_ip_forwarding": false,
            "id": "/subscriptions/82131fe1-3837-4fef-a41f-89a636063034/resourceGroups/Tableau-rg/providers/Microsoft.Network/networkInterfaces/Prod-vm-2",
            "internal_dns_name_label": "",
            "internal_domain_name_suffix": "tb3up0dgvjse1fixt3b1amkz5e.rx.internal.cloudapp.net",
            "ip_configuration": [
              {
                "name": "Prod-vm",
                "primary": true,
                "private_ip_address": "10.0.0.4",
                "private_ip_address_allocation": "Dynamic",
                "private_ip_address_version": "IPv4",
                "public_ip_address_id": "",
                "subnet_id": "/subscriptions/82131fe1-3837-4fef-a41f-89a636063034/resourceGroups/Tableau-rg/providers/Microsoft.Network/virtualNetworks/tfvnet/subnets/default"
              }
            ],
            "location": "centralindia",
            "mac_address": "",
            "name": "Prod-vm-2",
            "private_ip_address": "10.0.0.4",
            "private_ip_addresses": [
              "10.0.0.4"
            ],
            "resource_group_name": "Tableau-rg",
            "tags": null,
            "timeouts": null,
            "virtual_machine_id": ""
          },
          "private": "eyJlMmJmYjczMC1lY2FhLTExZTYtOGY4OC0zNDM2M2JjN2M0YzAiOnsiY3JlYXRlIjoxODAwMDAwMDAwMDAwLCJkZWxldGUiOjE4MDAwMDAwMDAwMDAsInJlYWQiOjMwMDAwMDAwMDAwMCwidXBkYXRlIjoxODAwMDAwMDAwMDAwfX0="
        }
      ]
    },
    {
      "module": "module.windowsvms",
      "mode": "managed",
      "type": "azurerm_windows_virtual_machine",
      "name": "vm",
      "provider": "provider[\"registry.terraform.io/hashicorp/azurerm\"]",
      "instances": [
        {
          "index_key": 0,
          "schema_version": 0,
          "attributes": {
            "additional_capabilities": [],
            "additional_unattend_content": [],
            "admin_password": "P@ssw0rd@123456",
            "admin_username": "testuser",
            "allow_extension_operations": true,
            "availability_set_id": "",
            "boot_diagnostics": [],
            "computer_name": "Prod-vm-1",
            "custom_data": null,
            "dedicated_host_id": "",
            "enable_automatic_updates": true,
            "encryption_at_host_enabled": false,
            "eviction_policy": "",
            "extensions_time_budget": "PT1H30M",
            "id": "/subscriptions/82131fe1-3837-4fef-a41f-89a636063034/resourceGroups/Tableau-rg/providers/Microsoft.Compute/virtualMachines/Prod-vm-1",
            "identity": [
              {
                "identity_ids": null,
                "principal_id": "b95943a0-fd96-4e13-ac77-fe2ea7f210e1",
                "tenant_id": "24917450-fe15-4414-92ed-94fa8ec1b938",
                "type": "SystemAssigned"
              }
            ],
            "license_type": "",
            "location": "centralindia",
            "max_bid_price": -1,
            "name": "Prod-vm-1",
            "network_interface_ids": [
              "/subscriptions/82131fe1-3837-4fef-a41f-89a636063034/resourceGroups/Tableau-rg/providers/Microsoft.Network/networkInterfaces/Prod-vm-1"
            ],
            "os_disk": [
              {
                "caching": "ReadWrite",
                "diff_disk_settings": [],
                "disk_encryption_set_id": "",
                "disk_size_gb": 127,
                "name": "Prod-vm-1_OsDisk_1_e0f881ef4299498b803c01a0203c4c2f",
                "storage_account_type": "StandardSSD_LRS",
                "write_accelerator_enabled": false
              }
            ],
            "patch_mode": "AutomaticByOS",
            "plan": [],
            "priority": "Regular",
            "private_ip_address": "10.0.0.5",
            "private_ip_addresses": [
              "10.0.0.5"
            ],
            "provision_vm_agent": true,
            "proximity_placement_group_id": "",
            "public_ip_address": "",
            "public_ip_addresses": [],
            "resource_group_name": "Tableau-rg",
            "secret": [],
            "size": "Standard_D2_v4",
            "source_image_id": "",
            "source_image_reference": [
              {
                "offer": "WindowsServer",
                "publisher": "MicrosoftWindowsServer",
                "sku": "2016-Datacenter",
                "version": "latest"
              }
            ],
            "tags": null,
            "timeouts": null,
            "timezone": "",
            "virtual_machine_id": "806860f1-4858-4dbd-9e83-5f36a7a1447d",
            "virtual_machine_scale_set_id": "",
            "winrm_listener": [],
            "zone": ""
          },
          "private": "eyJlMmJmYjczMC1lY2FhLTExZTYtOGY4OC0zNDM2M2JjN2M0YzAiOnsiY3JlYXRlIjoyNzAwMDAwMDAwMDAwLCJkZWxldGUiOjI3MDAwMDAwMDAwMDAsInJlYWQiOjMwMDAwMDAwMDAwMCwidXBkYXRlIjoyNzAwMDAwMDAwMDAwfX0=",
          "dependencies": [
            "module.windowsvms.azurerm_network_interface.ni"
          ]
        },
        {
          "index_key": 1,
          "schema_version": 0,
          "attributes": {
            "additional_capabilities": [],
            "additional_unattend_content": [],
            "admin_password": "P@ssw0rd@123456",
            "admin_username": "testuser",
            "allow_extension_operations": true,
            "availability_set_id": "",
            "boot_diagnostics": [],
            "computer_name": "Prod-vm-2",
            "custom_data": null,
            "dedicated_host_id": "",
            "enable_automatic_updates": true,
            "encryption_at_host_enabled": false,
            "eviction_policy": "",
            "extensions_time_budget": "PT1H30M",
            "id": "/subscriptions/82131fe1-3837-4fef-a41f-89a636063034/resourceGroups/Tableau-rg/providers/Microsoft.Compute/virtualMachines/Prod-vm-2",
            "identity": [
              {
                "identity_ids": null,
                "principal_id": "ac61c85b-8a04-4f4d-9686-1af6b5b16701",
                "tenant_id": "24917450-fe15-4414-92ed-94fa8ec1b938",
                "type": "SystemAssigned"
              }
            ],
            "license_type": "",
            "location": "centralindia",
            "max_bid_price": -1,
            "name": "Prod-vm-2",
            "network_interface_ids": [
              "/subscriptions/82131fe1-3837-4fef-a41f-89a636063034/resourceGroups/Tableau-rg/providers/Microsoft.Network/networkInterfaces/Prod-vm-2"
            ],
            "os_disk": [
              {
                "caching": "ReadWrite",
                "diff_disk_settings": [],
                "disk_encryption_set_id": "",
                "disk_size_gb": 127,
                "name": "Prod-vm-2_OsDisk_1_253f4b6f6dcb4de6a6842377d32fab01",
                "storage_account_type": "StandardSSD_LRS",
                "write_accelerator_enabled": false
              }
            ],
            "patch_mode": "AutomaticByOS",
            "plan": [],
            "priority": "Regular",
            "private_ip_address": "10.0.0.4",
            "private_ip_addresses": [
              "10.0.0.4"
            ],
            "provision_vm_agent": true,
            "proximity_placement_group_id": "",
            "public_ip_address": "",
            "public_ip_addresses": [],
            "resource_group_name": "Tableau-rg",
            "secret": [],
            "size": "Standard_D2_v4",
            "source_image_id": "",
            "source_image_reference": [
              {
                "offer": "WindowsServer",
                "publisher": "MicrosoftWindowsServer",
                "sku": "2016-Datacenter",
                "version": "latest"
              }
            ],
            "tags": null,
            "timeouts": null,
            "timezone": "",
            "virtual_machine_id": "a5f38d5a-18f1-4cba-9fcf-f925557cdcd6",
            "virtual_machine_scale_set_id": "",
            "winrm_listener": [],
            "zone": ""
          },
          "private": "eyJlMmJmYjczMC1lY2FhLTExZTYtOGY4OC0zNDM2M2JjN2M0YzAiOnsiY3JlYXRlIjoyNzAwMDAwMDAwMDAwLCJkZWxldGUiOjI3MDAwMDAwMDAwMDAsInJlYWQiOjMwMDAwMDAwMDAwMCwidXBkYXRlIjoyNzAwMDAwMDAwMDAwfX0=",
          "dependencies": [
            "module.windowsvms.azurerm_network_interface.ni"
          ]
        }
      ]
    }
  ]
}
